{
  "nodes": {
    "fl-config": {
      "locked": {
        "lastModified": 1653159448,
        "narHash": "sha256-PvB9ha0r4w6p412MBPP71kS/ZTBnOjxL0brlmyucPBA=",
        "owner": "flakelib",
        "repo": "fl",
        "rev": "fcefb9738d5995308a24cda018a083ccb6b0f460",
        "type": "github"
      },
      "original": {
        "owner": "flakelib",
        "ref": "config",
        "repo": "fl",
        "type": "github"
      }
    },
    "flakelib": {
      "inputs": {
        "fl-config": "fl-config",
        "std": "std"
      },
      "locked": {
        "lastModified": 1701802971,
        "narHash": "sha256-Zo5fJpXbe+xXOTiDT4JG2rExobMJTmFZ72+3XTMMHrQ=",
        "owner": "flakelib",
        "repo": "fl",
        "rev": "b71a91517f6b16aa5faefe8ec491d9f3062d7a20",
        "type": "github"
      },
      "original": {
        "owner": "flakelib",
        "repo": "fl",
        "type": "github"
      }
    },
    "nix-std": {
      "locked": {
        "lastModified": 1701658249,
        "narHash": "sha256-KIt1TUuBvldhaVRta010MI5FeQlB8WadjqljybjesN0=",
        "owner": "chessai",
        "repo": "nix-std",
        "rev": "715db541ffff4194620e48d210b76f73a74b5b5d",
        "type": "github"
      },
      "original": {
        "owner": "chessai",
        "repo": "nix-std",
        "type": "github"
      }
    },
    "nixpkgs": {
      "locked": {
        "lastModified": 1725857262,
        "narHash": "sha256-m9n0PncgZepVgmjOO1rfVXMgUACDOwZbhjSRjJ/NUpM=",
        "owner": "NixOS",
        "repo": "nixpkgs",
        "rev": "5af6aefbcc55670e36663fd1f8a796e1e323001a",
        "type": "github"
      },
      "original": {
        "id": "nixpkgs",
        "type": "indirect"
      }
    },
    "root": {
      "inputs": {
        "flakelib": "flakelib",
        "nixpkgs": "nixpkgs",
        "rust": "rust",
        "schema": "schema"
      }
    },
    "rust": {
      "inputs": {
        "nixpkgs": [
          "nixpkgs"
        ]
      },
      "locked": {
        "lastModified": 1732847979,
        "narHash": "sha256-037fkyB/HAZjl35geOt9fnE+JB3UvTIPYiQyfFz8/jw=",
        "owner": "arcnmx",
        "repo": "nixexprs-rust",
        "rev": "1bb6c5eb824224efe05447582652c872ddc1cee3",
        "type": "github"
      },
      "original": {
        "owner": "arcnmx",
        "repo": "nixexprs-rust",
        "type": "github"
      }
    },
    "schema": {
      "flake": false,
      "locked": {
        "lastModified": 1748244793,
        "narHash": "sha256-VGulmvfJnB8Adzk3+CZdU5mFwoiyLDGQATArepwYDBg=",
        "owner": "arcnmx",
        "repo": "qemu-qapi-filtered",
        "rev": "49d9fe1cd8badb52c0209da8a8d6a82c99c4dff5",
        "type": "github"
      },
      "original": {
        "owner": "arcnmx",
        "ref": "v9.2.4",
        "repo": "qemu-qapi-filtered",
        "type": "github"
      }
    },
    "std": {
      "inputs": {
        "nix-std": "nix-std"
      },
      "locked": {
        "lastModified": 1701802337,
        "narHash": "sha256-JCVCyjDZ6LA0xyVoDZzRXjy0OgWOZo3OpeZEVm/U97w=",
        "owner": "flakelib",
        "repo": "std",
        "rev": "443d1c8246b3d96a4822b02af907ca0d833e8b63",
        "type": "github"
      },
      "original": {
        "owner": "flakelib",
        "repo": "std",
        "type": "github"
      }
    }
  },
  "root": "root",
  "version": 7
}
